
Microsoft Visual Studio Solution File, Format Version 12.00
# Visual Studio Version 16
VisualStudioVersion = 16.0.31911.196
MinimumVisualStudioVersion = 10.0.40219.1
Project("{9A19103F-16F7-4668-BE54-9A1E7A4F7556}") = "ClarityVenturesEmailDemo", "ClarityVenturesEmailDemo.csproj", "{BD45559B-41B1-4777-B651-07327EBEEE54}"
EndProject
Project("{FAE04EC0-301F-11D3-BF4B-00C04F79EFBC}") = "ClarityVenturesEmailLogic", "..\ClarityVenturesEmailLogic\ClarityVenturesEmailLogic.csproj", "{58822983-70B5-4EEE-B2EA-79C084933D90}"
EndProject
Global
	GlobalSection(SolutionConfigurationPlatforms) = preSolution
		Debug|Any CPU = Debug|Any CPU
		Release|Any CPU = Release|Any CPU
	EndGlobalSection
	GlobalSection(ProjectConfigurationPlatforms) = postSolution
		{BD45559B-41B1-4777-B651-07327EBEEE54}.Debug|Any CPU.ActiveCfg = Debug|Any CPU
		{BD45559B-41B1-4777-B651-07327EBEEE54}.Debug|Any CPU.Build.0 = Debug|Any CPU
		{BD45559B-41B1-4777-B651-07327EBEEE54}.Release|Any CPU.ActiveCfg = Release|Any CPU
		{BD45559B-41B1-4777-B651-07327EBEEE54}.Release|Any CPU.Build.0 = Release|Any CPU
		{58822983-70B5-4EEE-B2EA-79C084933D90}.Debug|Any CPU.ActiveCfg = Debug|Any CPU
		{58822983-70B5-4EEE-B2EA-79C084933D90}.Debug|Any CPU.Build.0 = Debug|Any CPU
		{58822983-70B5-4EEE-B2EA-79C084933D90}.Release|Any CPU.ActiveCfg = Release|Any CPU
		{58822983-70B5-4EEE-B2EA-79C084933D90}.Release|Any CPU.Build.0 = Release|Any CPU
	EndGlobalSection
	GlobalSection(SolutionProperties) = preSolution
		HideSolutionNode = FALSE
	EndGlobalSection
	GlobalSection(ExtensibilityGlobals) = postSolution
		SolutionGuid = {76576C6C-088A-4B94-9816-F31CAC3713C9}
	EndGlobalSection
EndGlobal
